// !$*UTF8*$!
{
	archiveVersion = 1;
	classes = {
	};
	objectVersion = 46;
	objects = {

/* Begin PBXBuildFile section */
		3BE031431E7B4F6400C78C8A /* AppDelegate.swift in Sources */ = {isa = PBXBuildFile; fileRef = 3BE031421E7B4F6400C78C8A /* AppDelegate.swift */; };
		3BE031451E7B4F6400C78C8A /* ViewController.swift in Sources */ = {isa = PBXBuildFile; fileRef = 3BE031441E7B4F6400C78C8A /* ViewController.swift */; };
		3BE031481E7B4F6400C78C8A /* Main.storyboard in Resources */ = {isa = PBXBuildFile; fileRef = 3BE031461E7B4F6400C78C8A /* Main.storyboard */; };
		3BE0314A1E7B4F6500C78C8A /* Assets.xcassets in Resources */ = {isa = PBXBuildFile; fileRef = 3BE031491E7B4F6500C78C8A /* Assets.xcassets */; };
		3BE0314D1E7B4F6500C78C8A /* LaunchScreen.storyboard in Resources */ = {isa = PBXBuildFile; fileRef = 3BE0314B1E7B4F6500C78C8A /* LaunchScreen.storyboard */; };
/* End PBXBuildFile section */

/* Begin PBXFileReference section */
		3BE0313F1E7B4F6400C78C8A /* biTaksiHackathon.app */ = {isa = PBXFileReference; explicitFileType = wrapper.application; includeInIndex = 0; path = biTaksiHackathon.app; sourceTree = BUILT_PRODUCTS_DIR; };
		3BE031421E7B4F6400C78C8A /* AppDelegate.swift */ = {isa = PBXFileReference; lastKnownFileType = sourcecode.swift; path = AppDelegate.swift; sourceTree = "<group>"; };
		3BE031441E7B4F6400C78C8A /* ViewController.swift */ = {isa = PBXFileReference; lastKnownFileType = sourcecode.swift; path = ViewController.swift; sourceTree = "<group>"; };
		3BE031471E7B4F6400C78C8A /* Base */ = {isa = PBXFileReference; lastKnownFileType = file.storyboard; name = Base; path = Base.lproj/Main.storyboard; sourceTree = "<group>"; };
		3BE031491E7B4F6500C78C8A /* Assets.xcassets */ = {isa = PBXFileReference; lastKnownFileType = folder.assetcatalog; path = Assets.xcassets; sourceTree = "<group>"; };
		3BE0314C1E7B4F6500C78C8A /* Base */ = {isa = PBXFileReference; lastKnownFileType = file.storyboard; name = Base; path = Base.lproj/LaunchScreen.storyboard; sourceTree = "<group>"; };
		3BE0314E1E7B4F6500C78C8A /* Info.plist */ = {isa = PBXFileReference; lastKnownFileType = text.plist.xml; path = Info.plist; sourceTree = "<group>"; };
/* End PBXFileReference section */

/* Begin PBXFrameworksBuildPhase section */
		3BE0313C1E7B4F6300C78C8A /* Frameworks */ = {
			isa = PBXFrameworksBuildPhase;
			buildActionMask = 2147483647;
			files = (
			);
			runOnlyForDeploymentPostprocessing = 0;
		};
/* End PBXFrameworksBuildPhase section */

/* Begin PBXGroup section */
		3BE031361E7B4F6300C78C8A = {
			isa = PBXGroup;
			children = (
				3BE031411E7B4F6400C78C8A /* biTaksiHackathon */,
				3BE031401E7B4F6400C78C8A /* Products */,
			);
			sourceTree = "<group>";
		};
		3BE031401E7B4F6400C78C8A /* Products */ = {
			isa = PBXGroup;
			children = (
				3BE0313F1E7B4F6400C78C8A /* biTaksiHackathon.app */,
			);
			name = Products;
			sourceTree = "<group>";
		};
		3BE031411E7B4F6400C78C8A /* biTaksiHackathon */ = {
			isa = PBXGroup;
			children = (
				3BE031421E7B4F6400C78C8A /* AppDelegate.swift */,
				3BE031441E7B4F6400C78C8A /* ViewController.swift */,
				3BE031461E7B4F6400C78C8A /* Main.storyboard */,
				3BE031491E7B4F6500C78C8A /* Assets.xcassets */,
				3BE0314B1E7B4F6500C78C8A /* LaunchScreen.storyboard */,
				3BE0314E1E7B4F6500C78C8A /* Info.plist */,
			);
			path = biTaksiHackathon;
			sourceTree = "<group>";
		};
/* End PBXGroup section */

/* Begin PBXNativeTarget section */
		3BE0313E1E7B4F6300C78C8A /* biTaksiHackathon */ = {
			isa = PBXNativeTarget;
			buildConfigurationList = 3BE031511E7B4F6500C78C8A /* Build configuration list for PBXNativeTarget "biTaksiHackathon" */;
			buildPhases = (
				3BE0313B1E7B4F6300C78C8A /* Sources */,
				3BE0313C1E7B4F6300C78C8A /* Frameworks */,
				3BE0313D1E7B4F6300C78C8A /* Resources */,
			);
			buildRules = (
			);
			dependencies = (
			);
			name = biTaksiHackathon;
			productName = biTaksiHackathon;
			productReference = 3BE0313F1E7B4F6400C78C8A /* biTaksiHackathon.app */;
			productType = "com.apple.product-type.application";
		};
/* End PBXNativeTarget section */

/* Begin PBXProject section */
		3BE031371E7B4F6300C78C8A /* Project object */ = {
			isa = PBXProject;
			attributes = {
				LastSwiftUpdateCheck = 0820;
				LastUpgradeCheck = 0820;
				ORGANIZATIONNAME = Olmaditekrar;
				TargetAttributes = {
					3BE0313E1E7B4F6300C78C8A = {
						CreatedOnToolsVersion = 8.2.1;
						DevelopmentTeam = SJYB86L23S;
						ProvisioningStyle = Automatic;
					};
				};
			};
			buildConfigurationList = 3BE0313A1E7B4F6300C78C8A /* Build configuration list for PBXProject "biTaksiHackathon" */;
			compatibilityVersion = "Xcode 3.2";
			developmentRegion = English;
			hasScannedForEncodings = 0;
			knownRegions = (
				en,
				Base,
			);
			mainGroup = 3BE031361E7B4F6300C78C8A;
			productRefGroup = 3BE031401E7B4F6400C78C8A /* Products */;
			projectDirPath = "";
			projectRoot = "";
			targets = (
				3BE0313E1E7B4F6300C78C8A /* biTaksiHackathon */,
			);
		};
/* End PBXProject section */

/* Begin PBXResourcesBuildPhase section */
		3BE0313D1E7B4F6300C78C8A /* Resources */ = {
			isa = PBXResourcesBuildPhase;
			buildActionMask = 2147483647;
			files = (
				3BE0314D1E7B4F6500C78C8A /* LaunchScreen.storyboard in Resources */,
				3BE0314A1E7B4F6500C78C8A /* Assets.xcassets in Resources */,
				3BE031481E7B4F6400C78C8A /* Main.storyboard in Resources */,
			);
			runOnlyForDeploymentPostprocessing = 0;
		};
/* End PBXResourcesBuildPhase section */

/* Begin PBXSourcesBuildPhase section */
		3BE0313B1E7B4F6300C78C8A /* Sources */ = {
			isa = PBXSourcesBuildPhase;
			buildActionMask = 2147483647;
			files = (
				3BE031451E7B4F6400C78C8A /* ViewController.swift in Sources */,
				3BE031431E7B4F6400C78C8A /* AppDelegate.swift in Sources */,
			);
			runOnlyForDeploymentPostprocessing = 0;
		};
/* End PBXSourcesBuildPhase section */

/* Begin PBXVariantGroup section */
		3BE031461E7B4F6400C78C8A /* Main.storyboard */ = {
			isa = PBXVariantGroup;
			children = (
				3BE031471E7B4F6400C78C8A /* Base */,
			);
			name = Main.storyboard;
			sourceTree = "<group>";
		};
		3BE0314B1E7B4F6500C78C8A /* LaunchScreen.storyboard */ = {
			isa = PBXVariantGroup;
			children = (
				3BE0314C1E7B4F6500C78C8A /* Base */,
			);
			name = LaunchScreen.storyboard;
			sourceTree = "<group>";
		};
/* End PBXVariantGroup section */

/* Begin XCBuildConfiguration section */
		3BE0314F1E7B4F6500C78C8A /* Debug */ = {
			isa = XCBuildConfiguration;
			buildSettings = {
				ALWAYS_SEARCH_USER_PATHS = NO;
				CLANG_ANALYZER_NONNULL = YES;
				CLANG_CXX_LANGUAGE_STANDARD = "gnu++0x";
				CLANG_CXX_LIBRARY = "libc++";
				CLANG_ENABLE_MODULES = YES;
				CLANG_ENABLE_OBJC_ARC = YES;
				CLANG_WARN_BOOL_CONVERSION = YES;
				CLANG_WARN_CONSTANT_CONVERSION = YES;
				CLANG_WARN_DIRECT_OBJC_ISA_USAGE = YES_ERROR;
				CLANG_WARN_DOCUMENTATION_COMMENTS = YES;
				CLANG_WARN_EMPTY_BODY = YES;
				CLANG_WARN_ENUM_CONVERSION = YES;
				CLANG_WARN_INFINITE_RECURSION = YES;
				CLANG_WARN_INT_CONVERSION = YES;
				CLANG_WARN_OBJC_ROOT_CLASS = YES_ERROR;
				CLANG_WARN_SUSPICIOUS_MOVE = YES;
				CLANG_WARN_UNREACHABLE_CODE = YES;
				CLANG_WARN__DUPLICATE_METHOD_MATCH = YES;
				"CODE_SIGN_IDENTITY[sdk=iphoneos*]" = "iPhone Developer";
				COPY_PHASE_STRIP = NO;
				DEBUG_INFORMATION_FORMAT = dwarf;
				ENABLE_STRICT_OBJC_MSGSEND = YES;
				ENABLE_TESTABILITY = YES;
				GCC_C_LANGUAGE_STANDARD = gnu99;
				GCC_DYNAMIC_NO_PIC = NO;
				GCC_NO_COMMON_BLOCKS = YES;
				GCC_OPTIMIZATION_LEVEL = 0;
				GCC_PREPROCESSOR_DEFINITIONS = (
					"DEBUG=1",
					"$(inherited)",
				);
				GCC_WARN_64_TO_32_BIT_CONVERSION = YES;
				GCC_WARN_ABOUT_RETURN_TYPE = YES_ERROR;
				GCC_WARN_UNDECLARED_SELECTOR = YES;
				GCC_WARN_UNINITIALIZED_AUTOS = YES_AGGRESSIVE;
				GCC_WARN_UNUSED_FUNCTION = YES;
				GCC_WARN_UNUSED_VARIABLE = YES;
				IPHONEOS_DEPLOYMENT_TARGET = 10.2;
				MTL_ENABLE_DEBUG_INFO = YES;
				ONLY_ACTIVE_ARCH = YES;
				SDKROOT = iphoneos;
				SWIFT_ACTIVE_COMPILATION_CONDITIONS = DEBUG;
				SWIFT_OPTIMIZATION_LEVEL = "-Onone";
			};
			name = Debug;
		};
		3BE031501E7B4F6500C78C8A /* Release */ = {
			isa = XCBuildConfiguration;
			buildSettings = {
				ALWAYS_SEARCH_USER_PATHS = NO;
				CLANG_ANALYZER_NONNULL = YES;
				CLANG_CXX_LANGUAGE_STANDARD = "gnu++0x";
				CLANG_CXX_LIBRARY = "libc++";
				CLANG_ENABLE_MODULES = YES;
				CLANG_ENABLE_OBJC_ARC = YES;
				CLANG_WARN_BOOL_CONVERSION = YES;
				CLANG_WARN_CONSTANT_CONVERSION = YES;
				CLANG_WARN_DIRECT_OBJC_ISA_USAGE = YES_ERROR;
				CLANG_WARN_DOCUMENTATION_COMMENTS = YES;
				CLANG_WARN_EMPTY_BODY = YES;
				CLANG_WARN_ENUM_CONVERSION = YES;
				CLANG_WARN_INFINITE_RECURSION = YES;
				CLANG_WARN_INT_CONVERSION = YES;
				CLANG_WARN_OBJC_ROOT_CLASS = YES_ERROR;
				CLANG_WARN_SUSPICIOUS_MOVE = YES;
				CLANG_WARN_UNREACHABLE_CODE = YES;
				CLANG_WARN__DUPLICATE_METHOD_MATCH = YES;
				"CODE_SIGN_IDENTITY[sdk=iphoneos*]" = "iPhone Developer";
				COPY_PHASE_STRIP = NO;
				DEBUG_INFORMATION_FORMAT = "dwarf-with-dsym";
				ENABLE_NS_ASSERTIONS = NO;
				ENABLE_STRICT_OBJC_MSGSEND = YES;
				GCC_C_LANGUAGE_STANDARD = gnu99;
				GCC_NO_COMMON_BLOCKS = YES;
				GCC_WARN_64_TO_32_BIT_CONVERSION = YES;
				GCC_WARN_ABOUT_RETURN_TYPE = YES_ERROR;
				GCC_WARN_UNDECLARED_SELECTOR = YES;
				GCC_WARN_UNINITIALIZED_AUTOS = YES_AGGRESSIVE;
				GCC_WARN_UNUSED_FUNCTION = YES;
				GCC_WARN_UNUSED_VARIABLE = YES;
				IPHONEOS_DEPLOYMENT_TARGET = 10.2;
				MTL_ENABLE_DEBUG_INFO = NO;
				SDKROOT = iphoneos;
				SWIFT_OPTIMIZATION_LEVEL = "-Owholemodule";
				VALIDATE_PRODUCT = YES;
			};
			name = Release;
		};
		3BE031521E7B4F6500C78C8A /* Debug */ = {
			isa = XCBuildConfiguration;
			buildSettings = {
				ASSETCATALOG_COMPILER_APPICON_NAME = AppIcon;
				DEVELOPMENT_TEAM = SJYB86L23S;
				INFOPLIST_FILE = biTaksiHackathon/Info.plist;
				LD_RUNPATH_SEARCH_PATHS = "$(inherited) @executable_path/Frameworks";
				PRODUCT_BUNDLE_IDENTIFIER = com.olmaditekrar.biTaksiHackathon;
				PRODUCT_NAME = "$(TARGET_NAME)";
				SWIFT_VERSION = 3.0;
			};
			name = Debug;
		};
		3BE031531E7B4F6500C78C8A /* Release */ = {
			isa = XCBuildConfiguration;
			buildSettings = {
				ASSETCATALOG_COMPILER_APPICON_NAME = AppIcon;
				DEVELOPMENT_TEAM = SJYB86L23S;
				INFOPLIST_FILE = biTaksiHackathon/Info.plist;
				LD_RUNPATH_SEARCH_PATHS = "$(inherited) @executable_path/Frameworks";
				PRODUCT_BUNDLE_IDENTIFIER = com.olmaditekrar.biTaksiHackathon;
				PRODUCT_NAME = "$(TARGET_NAME)";
				SWIFT_VERSION = 3.0;
			};
			name = Release;
		};
/* End XCBuildConfiguration section */

/* Begin XCConfigurationList section */
		3BE0313A1E7B4F6300C78C8A /* Build configuration list for PBXProject "biTaksiHackathon" */ = {
			isa = XCConfigurationList;
			buildConfigurations = (
				3BE0314F1E7B4F6500C78C8A /* Debug */,
				3BE031501E7B4F6500C78C8A /* Release */,
			);
			defaultConfigurationIsVisible = 0;
			defaultConfigurationName = Release;
		};
		3BE031511E7B4F6500C78C8A /* Build configuration list for PBXNativeTarget "biTaksiHackathon" */ = {
			isa = XCConfigurationList;
			buildConfigurations = (
				3BE031521E7B4F6500C78C8A /* Debug */,
				3BE031531E7B4F6500C78C8A /* Release */,
			);
			defaultConfigurationIsVisible = 0;
		};
/* End XCConfigurationList section */
	};
	rootObject = 3BE031371E7B4F6300C78C8A /* Project object */;
}
